
Microsoft Visual Studio Solution File, Format Version 12.00
# Visual Studio Version 17
VisualStudioVersion = 17.14.36518.9 d17.14
MinimumVisualStudioVersion = 10.0.40219.1
Project("{FAE04EC0-301F-11D3-BF4B-00C04F79EFBC}") = "StudentTeacherApp", "StudentTeacherApp.csproj", "{F70C46A8-9199-49C0-8A40-57F5637B97D2}"
EndProject
Global
	GlobalSection(SolutionConfigurationPlatforms) = preSolution
		Debug|Any CPU = Debug|Any CPU
		Release|Any CPU = Release|Any CPU
	EndGlobalSection
	GlobalSection(ProjectConfigurationPlatforms) = postSolution
		{F70C46A8-9199-49C0-8A40-57F5637B97D2}.Debug|Any CPU.ActiveCfg = Debug|Any CPU
		{F70C46A8-9199-49C0-8A40-57F5637B97D2}.Debug|Any CPU.Build.0 = Debug|Any CPU
		{F70C46A8-9199-49C0-8A40-57F5637B97D2}.Release|Any CPU.ActiveCfg = Release|Any CPU
		{F70C46A8-9199-49C0-8A40-57F5637B97D2}.Release|Any CPU.Build.0 = Release|Any CPU
	EndGlobalSection
	GlobalSection(SolutionProperties) = preSolution
		HideSolutionNode = FALSE
	EndGlobalSection
	GlobalSection(ExtensibilityGlobals) = postSolution
		SolutionGuid = {A583E4A3-F1F2-4496-B547-8D13FCFE8CB2}
	EndGlobalSection
EndGlobal
